// !$*UTF8*$!
{
	archiveVersion = 1;
	classes = {
	};
	objectVersion = 56;
	objects = {

/* Begin PBXBuildFile section */
		F011CFF32A2D71BE00A5F629 /* SF-Pro-Rounded-Semibold.otf in Resources */ = {isa = PBXBuildFile; fileRef = F011CFCD2A2D71BE00A5F629 /* SF-Pro-Rounded-Semibold.otf */; };
		F011CFF42A2D71BE00A5F629 /* SF-Pro-Rounded-Regular.otf in Resources */ = {isa = PBXBuildFile; fileRef = F011CFCE2A2D71BE00A5F629 /* SF-Pro-Rounded-Regular.otf */; };
		F011CFF52A2D71BE00A5F629 /* SF-Pro-Rounded-Black.otf in Resources */ = {isa = PBXBuildFile; fileRef = F011CFCF2A2D71BE00A5F629 /* SF-Pro-Rounded-Black.otf */; };
		F011CFF62A2D71BE00A5F629 /* SF-Pro-Rounded-Light.otf in Resources */ = {isa = PBXBuildFile; fileRef = F011CFD02A2D71BE00A5F629 /* SF-Pro-Rounded-Light.otf */; };
		F011CFF72A2D71BE00A5F629 /* SF-Pro-Rounded-Thin.otf in Resources */ = {isa = PBXBuildFile; fileRef = F011CFD12A2D71BE00A5F629 /* SF-Pro-Rounded-Thin.otf */; };
		F011CFF82A2D71BE00A5F629 /* SF-Pro-Rounded-Medium.otf in Resources */ = {isa = PBXBuildFile; fileRef = F011CFD22A2D71BE00A5F629 /* SF-Pro-Rounded-Medium.otf */; };
		F011CFF92A2D71BE00A5F629 /* SF-Pro-Rounded-Ultralight.otf in Resources */ = {isa = PBXBuildFile; fileRef = F011CFD32A2D71BE00A5F629 /* SF-Pro-Rounded-Ultralight.otf */; };
		F011CFFA2A2D71BE00A5F629 /* SF-Pro-Rounded-Heavy.otf in Resources */ = {isa = PBXBuildFile; fileRef = F011CFD42A2D71BE00A5F629 /* SF-Pro-Rounded-Heavy.otf */; };
		F011CFFB2A2D71BE00A5F629 /* SF-Pro-Rounded-Bold.otf in Resources */ = {isa = PBXBuildFile; fileRef = F011CFD52A2D71BE00A5F629 /* SF-Pro-Rounded-Bold.otf */; };
		F011CFFC2A2D71BE00A5F629 /* README_GenJyuu.txt in Resources */ = {isa = PBXBuildFile; fileRef = F011CFD72A2D71BE00A5F629 /* README_GenJyuu.txt */; };
		F011CFFD2A2D71BE00A5F629 /* GenJyuuGothic-Light.ttf in Resources */ = {isa = PBXBuildFile; fileRef = F011CFD82A2D71BE00A5F629 /* GenJyuuGothic-Light.ttf */; };
		F011CFFF2A2D71BE00A5F629 /* GenJyuuGothic-Heavy.ttf in Resources */ = {isa = PBXBuildFile; fileRef = F011CFDA2A2D71BE00A5F629 /* GenJyuuGothic-Heavy.ttf */; };
		F011D0042A2D71BE00A5F629 /* SIL_Open_Font_License_1.1.txt in Resources */ = {isa = PBXBuildFile; fileRef = F011CFDF2A2D71BE00A5F629 /* SIL_Open_Font_License_1.1.txt */; };
		F011D0052A2D71BE00A5F629 /* GenJyuuGothic-Bold.ttf in Resources */ = {isa = PBXBuildFile; fileRef = F011CFE02A2D71BE00A5F629 /* GenJyuuGothic-Bold.ttf */; };
		F011D0062A2D71BE00A5F629 /* GenJyuuGothic-Normal.ttf in Resources */ = {isa = PBXBuildFile; fileRef = F011CFE12A2D71BE00A5F629 /* GenJyuuGothic-Normal.ttf */; };
		F011D00A2A2D71BE00A5F629 /* GenJyuuGothic-Regular.ttf in Resources */ = {isa = PBXBuildFile; fileRef = F011CFE52A2D71BE00A5F629 /* GenJyuuGothic-Regular.ttf */; };
		F011D00C2A2D71BE00A5F629 /* GenJyuuGothic-Medium.ttf in Resources */ = {isa = PBXBuildFile; fileRef = F011CFE72A2D71BE00A5F629 /* GenJyuuGothic-Medium.ttf */; };
		F011D00F2A2D71BE00A5F629 /* GenJyuuGothic-ExtraLight.ttf in Resources */ = {isa = PBXBuildFile; fileRef = F011CFEA2A2D71BE00A5F629 /* GenJyuuGothic-ExtraLight.ttf */; };
		F011D0102A2D71BE00A5F629 /* README_J in Resources */ = {isa = PBXBuildFile; fileRef = F011CFEC2A2D71BE00A5F629 /* README_J */; };
		F011D0112A2D71BE00A5F629 /* README_E in Resources */ = {isa = PBXBuildFile; fileRef = F011CFED2A2D71BE00A5F629 /* README_E */; };
		F011D0122A2D71BE00A5F629 /* LICENSE_E in Resources */ = {isa = PBXBuildFile; fileRef = F011CFEE2A2D71BE00A5F629 /* LICENSE_E */; };
		F011D0132A2D71BE00A5F629 /* LICENSE_J in Resources */ = {isa = PBXBuildFile; fileRef = F011CFEF2A2D71BE00A5F629 /* LICENSE_J */; };
		F04062D02A1C76B7004E5A1F /* HomeViewController.swift in Sources */ = {isa = PBXBuildFile; fileRef = F04062CF2A1C76B7004E5A1F /* HomeViewController.swift */; };
		F04062D22A1C792E004E5A1F /* ArticleViewController.swift in Sources */ = {isa = PBXBuildFile; fileRef = F04062D12A1C792E004E5A1F /* ArticleViewController.swift */; };
		F04A947C2A2A7FAF00B95E96 /* ArticleCollectionViewCell.swift in Sources */ = {isa = PBXBuildFile; fileRef = F04A947A2A2A7FAF00B95E96 /* ArticleCollectionViewCell.swift */; };
		F04A947D2A2A7FAF00B95E96 /* ArticleCollectionViewCell.xib in Resources */ = {isa = PBXBuildFile; fileRef = F04A947B2A2A7FAF00B95E96 /* ArticleCollectionViewCell.xib */; };
		F04A947F2A2C89C200B95E96 /* Message.swift in Sources */ = {isa = PBXBuildFile; fileRef = F04A947E2A2C89C200B95E96 /* Message.swift */; };
		F0C819D32A19F53100942B9F /* AppDelegate.swift in Sources */ = {isa = PBXBuildFile; fileRef = F0C819D22A19F53100942B9F /* AppDelegate.swift */; };
		F0C819D52A19F53100942B9F /* SceneDelegate.swift in Sources */ = {isa = PBXBuildFile; fileRef = F0C819D42A19F53100942B9F /* SceneDelegate.swift */; };
		F0C819DA2A19F53100942B9F /* Main.storyboard in Resources */ = {isa = PBXBuildFile; fileRef = F0C819D82A19F53100942B9F /* Main.storyboard */; };
		F0C819DC2A19F53300942B9F /* Assets.xcassets in Resources */ = {isa = PBXBuildFile; fileRef = F0C819DB2A19F53300942B9F /* Assets.xcassets */; };
		F0C819DF2A19F53300942B9F /* LaunchScreen.storyboard in Resources */ = {isa = PBXBuildFile; fileRef = F0C819DD2A19F53300942B9F /* LaunchScreen.storyboard */; };
		F0C819E72A1A131800942B9F /* NewChallengeViewController2.swift in Sources */ = {isa = PBXBuildFile; fileRef = F0C819E62A1A131800942B9F /* NewChallengeViewController2.swift */; };
		F0C9EC792A3709EB007C8BB2 /* GoogleMobileAds in Frameworks */ = {isa = PBXBuildFile; productRef = F0C9EC782A3709EB007C8BB2 /* GoogleMobileAds */; };
		F0CE69F02A1D343500D5A889 /* NewArticleViewController.swift in Sources */ = {isa = PBXBuildFile; fileRef = F0CE69EF2A1D343500D5A889 /* NewArticleViewController.swift */; };
		F0CE69F22A1DD30800D5A889 /* ChallengeModel.swift in Sources */ = {isa = PBXBuildFile; fileRef = F0CE69F12A1DD30800D5A889 /* ChallengeModel.swift */; };
		F0CE69F52A1DD51700D5A889 /* Realm in Frameworks */ = {isa = PBXBuildFile; productRef = F0CE69F42A1DD51700D5A889 /* Realm */; };
		F0CE69F72A1DD51700D5A889 /* RealmSwift in Frameworks */ = {isa = PBXBuildFile; productRef = F0CE69F62A1DD51700D5A889 /* RealmSwift */; };
		F0D3700D2A274D8A0089CD4C /* ArchiveViewController.swift in Sources */ = {isa = PBXBuildFile; fileRef = F0D3700C2A274D8A0089CD4C /* ArchiveViewController.swift */; };
		F0D370102A274EF10089CD4C /* ChallengeViewCell.swift in Sources */ = {isa = PBXBuildFile; fileRef = F0D3700E2A274EF10089CD4C /* ChallengeViewCell.swift */; };
		F0D370112A274EF10089CD4C /* challengeViewCell.xib in Resources */ = {isa = PBXBuildFile; fileRef = F0D3700F2A274EF10089CD4C /* challengeViewCell.xib */; };
		F0D480252A4AD07E008E9DFC /* Review.swift in Sources */ = {isa = PBXBuildFile; fileRef = F0D480242A4AD07E008E9DFC /* Review.swift */; };
		F0E7205C2A1C8B770022AA3B /* ArticleTableViewCell.swift in Sources */ = {isa = PBXBuildFile; fileRef = F0E7205A2A1C8B770022AA3B /* ArticleTableViewCell.swift */; };
		F0E7205D2A1C8B770022AA3B /* ArticleTableViewCell.xib in Resources */ = {isa = PBXBuildFile; fileRef = F0E7205B2A1C8B770022AA3B /* ArticleTableViewCell.xib */; };
		F0EB61C72A2EFE46003B30D5 /* NewChallengeViewController1.swift in Sources */ = {isa = PBXBuildFile; fileRef = F0EB61C62A2EFE46003B30D5 /* NewChallengeViewController1.swift */; };
		F0EB61C92A2F10CA003B30D5 /* ExampleChallengeList.swift in Sources */ = {isa = PBXBuildFile; fileRef = F0EB61C82A2F10CA003B30D5 /* ExampleChallengeList.swift */; };
/* End PBXBuildFile section */

/* Begin PBXFileReference section */
		F011CFCD2A2D71BE00A5F629 /* SF-Pro-Rounded-Semibold.otf */ = {isa = PBXFileReference; lastKnownFileType = file; path = "SF-Pro-Rounded-Semibold.otf"; sourceTree = "<group>"; };
		F011CFCE2A2D71BE00A5F629 /* SF-Pro-Rounded-Regular.otf */ = {isa = PBXFileReference; lastKnownFileType = file; path = "SF-Pro-Rounded-Regular.otf"; sourceTree = "<group>"; };
		F011CFCF2A2D71BE00A5F629 /* SF-Pro-Rounded-Black.otf */ = {isa = PBXFileReference; lastKnownFileType = file; path = "SF-Pro-Rounded-Black.otf"; sourceTree = "<group>"; };
		F011CFD02A2D71BE00A5F629 /* SF-Pro-Rounded-Light.otf */ = {isa = PBXFileReference; lastKnownFileType = file; path = "SF-Pro-Rounded-Light.otf"; sourceTree = "<group>"; };
		F011CFD12A2D71BE00A5F629 /* SF-Pro-Rounded-Thin.otf */ = {isa = PBXFileReference; lastKnownFileType = file; path = "SF-Pro-Rounded-Thin.otf"; sourceTree = "<group>"; };
		F011CFD22A2D71BE00A5F629 /* SF-Pro-Rounded-Medium.otf */ = {isa = PBXFileReference; lastKnownFileType = file; path = "SF-Pro-Rounded-Medium.otf"; sourceTree = "<group>"; };
		F011CFD32A2D71BE00A5F629 /* SF-Pro-Rounded-Ultralight.otf */ = {isa = PBXFileReference; lastKnownFileType = file; path = "SF-Pro-Rounded-Ultralight.otf"; sourceTree = "<group>"; };
		F011CFD42A2D71BE00A5F629 /* SF-Pro-Rounded-Heavy.otf */ = {isa = PBXFileReference; lastKnownFileType = file; path = "SF-Pro-Rounded-Heavy.otf"; sourceTree = "<group>"; };
		F011CFD52A2D71BE00A5F629 /* SF-Pro-Rounded-Bold.otf */ = {isa = PBXFileReference; lastKnownFileType = file; path = "SF-Pro-Rounded-Bold.otf"; sourceTree = "<group>"; };
		F011CFD72A2D71BE00A5F629 /* README_GenJyuu.txt */ = {isa = PBXFileReference; fileEncoding = 4; lastKnownFileType = text; path = README_GenJyuu.txt; sourceTree = "<group>"; };
		F011CFD82A2D71BE00A5F629 /* GenJyuuGothic-Light.ttf */ = {isa = PBXFileReference; lastKnownFileType = file; path = "GenJyuuGothic-Light.ttf"; sourceTree = "<group>"; };
		F011CFDA2A2D71BE00A5F629 /* GenJyuuGothic-Heavy.ttf */ = {isa = PBXFileReference; lastKnownFileType = file; path = "GenJyuuGothic-Heavy.ttf"; sourceTree = "<group>"; };
		F011CFDF2A2D71BE00A5F629 /* SIL_Open_Font_License_1.1.txt */ = {isa = PBXFileReference; fileEncoding = 4; lastKnownFileType = text; path = SIL_Open_Font_License_1.1.txt; sourceTree = "<group>"; };
		F011CFE02A2D71BE00A5F629 /* GenJyuuGothic-Bold.ttf */ = {isa = PBXFileReference; lastKnownFileType = file; path = "GenJyuuGothic-Bold.ttf"; sourceTree = "<group>"; };
		F011CFE12A2D71BE00A5F629 /* GenJyuuGothic-Normal.ttf */ = {isa = PBXFileReference; lastKnownFileType = file; path = "GenJyuuGothic-Normal.ttf"; sourceTree = "<group>"; };
		F011CFE52A2D71BE00A5F629 /* GenJyuuGothic-Regular.ttf */ = {isa = PBXFileReference; lastKnownFileType = file; path = "GenJyuuGothic-Regular.ttf"; sourceTree = "<group>"; };
		F011CFE72A2D71BE00A5F629 /* GenJyuuGothic-Medium.ttf */ = {isa = PBXFileReference; lastKnownFileType = file; path = "GenJyuuGothic-Medium.ttf"; sourceTree = "<group>"; };
		F011CFEA2A2D71BE00A5F629 /* GenJyuuGothic-ExtraLight.ttf */ = {isa = PBXFileReference; lastKnownFileType = file; path = "GenJyuuGothic-ExtraLight.ttf"; sourceTree = "<group>"; };
		F011CFEC2A2D71BE00A5F629 /* README_J */ = {isa = PBXFileReference; fileEncoding = 4; lastKnownFileType = text; path = README_J; sourceTree = "<group>"; };
		F011CFED2A2D71BE00A5F629 /* README_E */ = {isa = PBXFileReference; fileEncoding = 4; lastKnownFileType = text; path = README_E; sourceTree = "<group>"; };
		F011CFEE2A2D71BE00A5F629 /* LICENSE_E */ = {isa = PBXFileReference; fileEncoding = 4; lastKnownFileType = text; path = LICENSE_E; sourceTree = "<group>"; };
		F011CFEF2A2D71BE00A5F629 /* LICENSE_J */ = {isa = PBXFileReference; fileEncoding = 4; lastKnownFileType = text; path = LICENSE_J; sourceTree = "<group>"; };
		F04062CF2A1C76B7004E5A1F /* HomeViewController.swift */ = {isa = PBXFileReference; lastKnownFileType = sourcecode.swift; path = HomeViewController.swift; sourceTree = "<group>"; };
		F04062D12A1C792E004E5A1F /* ArticleViewController.swift */ = {isa = PBXFileReference; lastKnownFileType = sourcecode.swift; path = ArticleViewController.swift; sourceTree = "<group>"; };
		F04A947A2A2A7FAF00B95E96 /* ArticleCollectionViewCell.swift */ = {isa = PBXFileReference; lastKnownFileType = sourcecode.swift; path = ArticleCollectionViewCell.swift; sourceTree = "<group>"; };
		F04A947B2A2A7FAF00B95E96 /* ArticleCollectionViewCell.xib */ = {isa = PBXFileReference; lastKnownFileType = file.xib; path = ArticleCollectionViewCell.xib; sourceTree = "<group>"; };
		F04A947E2A2C89C200B95E96 /* Message.swift */ = {isa = PBXFileReference; lastKnownFileType = sourcecode.swift; path = Message.swift; sourceTree = "<group>"; };
		F0B7C3612A23A92300F24399 /* 7DaysCallengeRelease.entitlements */ = {isa = PBXFileReference; lastKnownFileType = text.plist.entitlements; path = 7DaysCallengeRelease.entitlements; sourceTree = "<group>"; };
		F0C819CF2A19F53100942B9F /* 7DaysCallenge.app */ = {isa = PBXFileReference; explicitFileType = wrapper.application; includeInIndex = 0; path = 7DaysCallenge.app; sourceTree = BUILT_PRODUCTS_DIR; };
		F0C819D22A19F53100942B9F /* AppDelegate.swift */ = {isa = PBXFileReference; lastKnownFileType = sourcecode.swift; path = AppDelegate.swift; sourceTree = "<group>"; };
		F0C819D42A19F53100942B9F /* SceneDelegate.swift */ = {isa = PBXFileReference; lastKnownFileType = sourcecode.swift; path = SceneDelegate.swift; sourceTree = "<group>"; };
		F0C819D92A19F53100942B9F /* Base */ = {isa = PBXFileReference; lastKnownFileType = file.storyboard; name = Base; path = Base.lproj/Main.storyboard; sourceTree = "<group>"; };
		F0C819DB2A19F53300942B9F /* Assets.xcassets */ = {isa = PBXFileReference; lastKnownFileType = folder.assetcatalog; path = Assets.xcassets; sourceTree = "<group>"; };
		F0C819DE2A19F53300942B9F /* Base */ = {isa = PBXFileReference; lastKnownFileType = file.storyboard; name = Base; path = Base.lproj/LaunchScreen.storyboard; sourceTree = "<group>"; };
		F0C819E02A19F53300942B9F /* Info.plist */ = {isa = PBXFileReference; lastKnownFileType = text.plist.xml; path = Info.plist; sourceTree = "<group>"; };
		F0C819E62A1A131800942B9F /* NewChallengeViewController2.swift */ = {isa = PBXFileReference; lastKnownFileType = sourcecode.swift; path = NewChallengeViewController2.swift; sourceTree = "<group>"; };
		F0CE69EF2A1D343500D5A889 /* NewArticleViewController.swift */ = {isa = PBXFileReference; lastKnownFileType = sourcecode.swift; path = NewArticleViewController.swift; sourceTree = "<group>"; };
		F0CE69F12A1DD30800D5A889 /* ChallengeModel.swift */ = {isa = PBXFileReference; lastKnownFileType = sourcecode.swift; path = ChallengeModel.swift; sourceTree = "<group>"; };
		F0D3700C2A274D8A0089CD4C /* ArchiveViewController.swift */ = {isa = PBXFileReference; lastKnownFileType = sourcecode.swift; path = ArchiveViewController.swift; sourceTree = "<group>"; };
		F0D3700E2A274EF10089CD4C /* ChallengeViewCell.swift */ = {isa = PBXFileReference; lastKnownFileType = sourcecode.swift; path = ChallengeViewCell.swift; sourceTree = "<group>"; };
		F0D3700F2A274EF10089CD4C /* challengeViewCell.xib */ = {isa = PBXFileReference; lastKnownFileType = file.xib; path = challengeViewCell.xib; sourceTree = "<group>"; };
		F0D480242A4AD07E008E9DFC /* Review.swift */ = {isa = PBXFileReference; lastKnownFileType = sourcecode.swift; path = Review.swift; sourceTree = "<group>"; };
		F0E7205A2A1C8B770022AA3B /* ArticleTableViewCell.swift */ = {isa = PBXFileReference; lastKnownFileType = sourcecode.swift; path = ArticleTableViewCell.swift; sourceTree = "<group>"; };
		F0E7205B2A1C8B770022AA3B /* ArticleTableViewCell.xib */ = {isa = PBXFileReference; lastKnownFileType = file.xib; path = ArticleTableViewCell.xib; sourceTree = "<group>"; };
		F0EB61C62A2EFE46003B30D5 /* NewChallengeViewController1.swift */ = {isa = PBXFileReference; lastKnownFileType = sourcecode.swift; path = NewChallengeViewController1.swift; sourceTree = "<group>"; };
		F0EB61C82A2F10CA003B30D5 /* ExampleChallengeList.swift */ = {isa = PBXFileReference; lastKnownFileType = sourcecode.swift; path = ExampleChallengeList.swift; sourceTree = "<group>"; };
/* End PBXFileReference section */

/* Begin PBXFrameworksBuildPhase section */
		F0C819CC2A19F53100942B9F /* Frameworks */ = {
			isa = PBXFrameworksBuildPhase;
			buildActionMask = 2147483647;
			files = (
				F0C9EC792A3709EB007C8BB2 /* GoogleMobileAds in Frameworks */,
				F0CE69F72A1DD51700D5A889 /* RealmSwift in Frameworks */,
				F0CE69F52A1DD51700D5A889 /* Realm in Frameworks */,
			);
			runOnlyForDeploymentPostprocessing = 0;
		};
/* End PBXFrameworksBuildPhase section */

/* Begin PBXGroup section */
		F011CFCA2A2D71BE00A5F629 /* resource */ = {
			isa = PBXGroup;
			children = (
				F0C819E02A19F53300942B9F /* Info.plist */,
				F0C819DB2A19F53300942B9F /* Assets.xcassets */,
				F011CFCB2A2D71BE00A5F629 /* 7DaysChallengeFonts */,
			);
			path = resource;
			sourceTree = "<group>";
		};
		F011CFCB2A2D71BE00A5F629 /* 7DaysChallengeFonts */ = {
			isa = PBXGroup;
			children = (
				F011CFCC2A2D71BE00A5F629 /* SF Pro Rounded */,
				F011CFD62A2D71BE00A5F629 /* genjyuugothic-20150607 */,
			);
			path = 7DaysChallengeFonts;
			sourceTree = "<group>";
		};
		F011CFCC2A2D71BE00A5F629 /* SF Pro Rounded */ = {
			isa = PBXGroup;
			children = (
				F011CFCD2A2D71BE00A5F629 /* SF-Pro-Rounded-Semibold.otf */,
				F011CFCE2A2D71BE00A5F629 /* SF-Pro-Rounded-Regular.otf */,
				F011CFCF2A2D71BE00A5F629 /* SF-Pro-Rounded-Black.otf */,
				F011CFD02A2D71BE00A5F629 /* SF-Pro-Rounded-Light.otf */,
				F011CFD12A2D71BE00A5F629 /* SF-Pro-Rounded-Thin.otf */,
				F011CFD22A2D71BE00A5F629 /* SF-Pro-Rounded-Medium.otf */,
				F011CFD32A2D71BE00A5F629 /* SF-Pro-Rounded-Ultralight.otf */,
				F011CFD42A2D71BE00A5F629 /* SF-Pro-Rounded-Heavy.otf */,
				F011CFD52A2D71BE00A5F629 /* SF-Pro-Rounded-Bold.otf */,
			);
			path = "SF Pro Rounded";
			sourceTree = "<group>";
		};
		F011CFD62A2D71BE00A5F629 /* genjyuugothic-20150607 */ = {
			isa = PBXGroup;
			children = (
				F011CFD72A2D71BE00A5F629 /* README_GenJyuu.txt */,
				F011CFD82A2D71BE00A5F629 /* GenJyuuGothic-Light.ttf */,
				F011CFDA2A2D71BE00A5F629 /* GenJyuuGothic-Heavy.ttf */,
				F011CFDF2A2D71BE00A5F629 /* SIL_Open_Font_License_1.1.txt */,
				F011CFE02A2D71BE00A5F629 /* GenJyuuGothic-Bold.ttf */,
				F011CFE12A2D71BE00A5F629 /* GenJyuuGothic-Normal.ttf */,
				F011CFE52A2D71BE00A5F629 /* GenJyuuGothic-Regular.ttf */,
				F011CFE72A2D71BE00A5F629 /* GenJyuuGothic-Medium.ttf */,
				F011CFEA2A2D71BE00A5F629 /* GenJyuuGothic-ExtraLight.ttf */,
				F011CFEB2A2D71BE00A5F629 /* mplus-TESTFLIGHT-059 */,
			);
			path = "genjyuugothic-20150607";
			sourceTree = "<group>";
		};
		F011CFEB2A2D71BE00A5F629 /* mplus-TESTFLIGHT-059 */ = {
			isa = PBXGroup;
			children = (
				F011CFEC2A2D71BE00A5F629 /* README_J */,
				F011CFED2A2D71BE00A5F629 /* README_E */,
				F011CFEE2A2D71BE00A5F629 /* LICENSE_E */,
				F011CFEF2A2D71BE00A5F629 /* LICENSE_J */,
			);
			path = "mplus-TESTFLIGHT-059";
			sourceTree = "<group>";
		};
		F0C819C62A19F53100942B9F = {
			isa = PBXGroup;
			children = (
				F0C819D12A19F53100942B9F /* 7DaysCallenge */,
				F0C819D02A19F53100942B9F /* Products */,
			);
			sourceTree = "<group>";
		};
		F0C819D02A19F53100942B9F /* Products */ = {
			isa = PBXGroup;
			children = (
				F0C819CF2A19F53100942B9F /* 7DaysCallenge.app */,
			);
			name = Products;
			sourceTree = "<group>";
		};
		F0C819D12A19F53100942B9F /* 7DaysCallenge */ = {
			isa = PBXGroup;
			children = (
				F0B7C3612A23A92300F24399 /* 7DaysCallengeRelease.entitlements */,
				F0DDA1942A42C18C004D8ACD /* src */,
				F011CFCA2A2D71BE00A5F629 /* resource */,
			);
			path = 7DaysCallenge;
			sourceTree = "<group>";
		};
		F0D480232A4AD04B008E9DFC /* Function */ = {
			isa = PBXGroup;
			children = (
				F0D480242A4AD07E008E9DFC /* Review.swift */,
			);
			path = Function;
			sourceTree = "<group>";
		};
		F0DDA1902A42C08D004D8ACD /* ViewContoller */ = {
			isa = PBXGroup;
			children = (
				F04062CF2A1C76B7004E5A1F /* HomeViewController.swift */,
				F0EB61C62A2EFE46003B30D5 /* NewChallengeViewController1.swift */,
				F0C819E62A1A131800942B9F /* NewChallengeViewController2.swift */,
				F04062D12A1C792E004E5A1F /* ArticleViewController.swift */,
				F0CE69EF2A1D343500D5A889 /* NewArticleViewController.swift */,
				F0D3700C2A274D8A0089CD4C /* ArchiveViewController.swift */,
			);
			path = ViewContoller;
			sourceTree = "<group>";
		};
		F0DDA1912A42C0CC004D8ACD /* Model */ = {
			isa = PBXGroup;
			children = (
				F0CE69F12A1DD30800D5A889 /* ChallengeModel.swift */,
			);
			path = Model;
			sourceTree = "<group>";
		};
		F0DDA1922A42C0DF004D8ACD /* View */ = {
			isa = PBXGroup;
			children = (
				F0C819D82A19F53100942B9F /* Main.storyboard */,
				F0C819DD2A19F53300942B9F /* LaunchScreen.storyboard */,
				F0E7205B2A1C8B770022AA3B /* ArticleTableViewCell.xib */,
				F0E7205A2A1C8B770022AA3B /* ArticleTableViewCell.swift */,
				F0D3700F2A274EF10089CD4C /* challengeViewCell.xib */,
				F0D3700E2A274EF10089CD4C /* ChallengeViewCell.swift */,
				F04A947B2A2A7FAF00B95E96 /* ArticleCollectionViewCell.xib */,
				F04A947A2A2A7FAF00B95E96 /* ArticleCollectionViewCell.swift */,
			);
			path = View;
			sourceTree = "<group>";
		};
		F0DDA1932A42C17B004D8ACD /* List */ = {
			isa = PBXGroup;
			children = (
				F0EB61C82A2F10CA003B30D5 /* ExampleChallengeList.swift */,
				F04A947E2A2C89C200B95E96 /* Message.swift */,
			);
			path = List;
			sourceTree = "<group>";
		};
		F0DDA1942A42C18C004D8ACD /* src */ = {
			isa = PBXGroup;
			children = (
				F0C819D22A19F53100942B9F /* AppDelegate.swift */,
				F0C819D42A19F53100942B9F /* SceneDelegate.swift */,
				F0DDA1902A42C08D004D8ACD /* ViewContoller */,
				F0D480232A4AD04B008E9DFC /* Function */,
				F0DDA1912A42C0CC004D8ACD /* Model */,
				F0DDA1932A42C17B004D8ACD /* List */,
				F0DDA1922A42C0DF004D8ACD /* View */,
			);
			path = src;
			sourceTree = "<group>";
		};
/* End PBXGroup section */

/* Begin PBXNativeTarget section */
		F0C819CE2A19F53100942B9F /* 7DaysCallenge */ = {
			isa = PBXNativeTarget;
			buildConfigurationList = F0C819E32A19F53300942B9F /* Build configuration list for PBXNativeTarget "7DaysCallenge" */;
			buildPhases = (
				F0C819CB2A19F53100942B9F /* Sources */,
				F0C819CC2A19F53100942B9F /* Frameworks */,
				F0C819CD2A19F53100942B9F /* Resources */,
			);
			buildRules = (
			);
			dependencies = (
			);
			name = 7DaysCallenge;
			packageProductDependencies = (
				F0CE69F42A1DD51700D5A889 /* Realm */,
				F0CE69F62A1DD51700D5A889 /* RealmSwift */,
				F0C9EC782A3709EB007C8BB2 /* GoogleMobileAds */,
			);
			productName = 7DaysCallenge;
			productReference = F0C819CF2A19F53100942B9F /* 7DaysCallenge.app */;
			productType = "com.apple.product-type.application";
		};
/* End PBXNativeTarget section */

/* Begin PBXProject section */
		F0C819C72A19F53100942B9F /* Project object */ = {
			isa = PBXProject;
			attributes = {
				BuildIndependentTargetsInParallel = 1;
				LastSwiftUpdateCheck = 1410;
				LastUpgradeCheck = 1410;
				TargetAttributes = {
					F0C819CE2A19F53100942B9F = {
						CreatedOnToolsVersion = 14.1;
					};
				};
			};
			buildConfigurationList = F0C819CA2A19F53100942B9F /* Build configuration list for PBXProject "7DaysCallenge" */;
			compatibilityVersion = "Xcode 14.0";
			developmentRegion = en;
			hasScannedForEncodings = 0;
			knownRegions = (
				en,
				Base,
			);
			mainGroup = F0C819C62A19F53100942B9F;
			packageReferences = (
				F0CE69F32A1DD51700D5A889 /* XCRemoteSwiftPackageReference "realm-swift" */,
				F0C9EC772A3709EB007C8BB2 /* XCRemoteSwiftPackageReference "swift-package-manager-google-mobile-ads" */,
			);
			productRefGroup = F0C819D02A19F53100942B9F /* Products */;
			projectDirPath = "";
			projectRoot = "";
			targets = (
				F0C819CE2A19F53100942B9F /* 7DaysCallenge */,
			);
		};
/* End PBXProject section */

/* Begin PBXResourcesBuildPhase section */
		F0C819CD2A19F53100942B9F /* Resources */ = {
			isa = PBXResourcesBuildPhase;
			buildActionMask = 2147483647;
			files = (
				F0E7205D2A1C8B770022AA3B /* ArticleTableViewCell.xib in Resources */,
				F011CFF62A2D71BE00A5F629 /* SF-Pro-Rounded-Light.otf in Resources */,
				F04A947D2A2A7FAF00B95E96 /* ArticleCollectionViewCell.xib in Resources */,
				F011D0042A2D71BE00A5F629 /* SIL_Open_Font_License_1.1.txt in Resources */,
				F011CFFD2A2D71BE00A5F629 /* GenJyuuGothic-Light.ttf in Resources */,
				F011CFF82A2D71BE00A5F629 /* SF-Pro-Rounded-Medium.otf in Resources */,
				F011D0102A2D71BE00A5F629 /* README_J in Resources */,
				F011D00C2A2D71BE00A5F629 /* GenJyuuGothic-Medium.ttf in Resources */,
				F011CFFC2A2D71BE00A5F629 /* README_GenJyuu.txt in Resources */,
				F011D0122A2D71BE00A5F629 /* LICENSE_E in Resources */,
				F011CFFF2A2D71BE00A5F629 /* GenJyuuGothic-Heavy.ttf in Resources */,
				F0D370112A274EF10089CD4C /* challengeViewCell.xib in Resources */,
				F011CFF92A2D71BE00A5F629 /* SF-Pro-Rounded-Ultralight.otf in Resources */,
				F011D00F2A2D71BE00A5F629 /* GenJyuuGothic-ExtraLight.ttf in Resources */,
				F011D0052A2D71BE00A5F629 /* GenJyuuGothic-Bold.ttf in Resources */,
				F0C819DF2A19F53300942B9F /* LaunchScreen.storyboard in Resources */,
				F0C819DC2A19F53300942B9F /* Assets.xcassets in Resources */,
				F011D0112A2D71BE00A5F629 /* README_E in Resources */,
				F011CFF42A2D71BE00A5F629 /* SF-Pro-Rounded-Regular.otf in Resources */,
				F011CFFB2A2D71BE00A5F629 /* SF-Pro-Rounded-Bold.otf in Resources */,
				F011CFF32A2D71BE00A5F629 /* SF-Pro-Rounded-Semibold.otf in Resources */,
				F011D0062A2D71BE00A5F629 /* GenJyuuGothic-Normal.ttf in Resources */,
				F011CFF72A2D71BE00A5F629 /* SF-Pro-Rounded-Thin.otf in Resources */,
				F011D00A2A2D71BE00A5F629 /* GenJyuuGothic-Regular.ttf in Resources */,
				F0C819DA2A19F53100942B9F /* Main.storyboard in Resources */,
				F011CFFA2A2D71BE00A5F629 /* SF-Pro-Rounded-Heavy.otf in Resources */,
				F011CFF52A2D71BE00A5F629 /* SF-Pro-Rounded-Black.otf in Resources */,
				F011D0132A2D71BE00A5F629 /* LICENSE_J in Resources */,
			);
			runOnlyForDeploymentPostprocessing = 0;
		};
/* End PBXResourcesBuildPhase section */

/* Begin PBXSourcesBuildPhase section */
		F0C819CB2A19F53100942B9F /* Sources */ = {
			isa = PBXSourcesBuildPhase;
			buildActionMask = 2147483647;
			files = (
				F0CE69F02A1D343500D5A889 /* NewArticleViewController.swift in Sources */,
				F0D3700D2A274D8A0089CD4C /* ArchiveViewController.swift in Sources */,
				F0C819D32A19F53100942B9F /* AppDelegate.swift in Sources */,
				F0D370102A274EF10089CD4C /* ChallengeViewCell.swift in Sources */,
				F0C819E72A1A131800942B9F /* NewChallengeViewController2.swift in Sources */,
				F0D480252A4AD07E008E9DFC /* Review.swift in Sources */,
				F04062D22A1C792E004E5A1F /* ArticleViewController.swift in Sources */,
				F0EB61C72A2EFE46003B30D5 /* NewChallengeViewController1.swift in Sources */,
				F0C819D52A19F53100942B9F /* SceneDelegate.swift in Sources */,
				F0EB61C92A2F10CA003B30D5 /* ExampleChallengeList.swift in Sources */,
				F04A947C2A2A7FAF00B95E96 /* ArticleCollectionViewCell.swift in Sources */,
				F0CE69F22A1DD30800D5A889 /* ChallengeModel.swift in Sources */,
				F04A947F2A2C89C200B95E96 /* Message.swift in Sources */,
				F0E7205C2A1C8B770022AA3B /* ArticleTableViewCell.swift in Sources */,
				F04062D02A1C76B7004E5A1F /* HomeViewController.swift in Sources */,
			);
			runOnlyForDeploymentPostprocessing = 0;
		};
/* End PBXSourcesBuildPhase section */

/* Begin PBXVariantGroup section */
		F0C819D82A19F53100942B9F /* Main.storyboard */ = {
			isa = PBXVariantGroup;
			children = (
				F0C819D92A19F53100942B9F /* Base */,
			);
			name = Main.storyboard;
			sourceTree = "<group>";
		};
		F0C819DD2A19F53300942B9F /* LaunchScreen.storyboard */ = {
			isa = PBXVariantGroup;
			children = (
				F0C819DE2A19F53300942B9F /* Base */,
			);
			name = LaunchScreen.storyboard;
			sourceTree = "<group>";
		};
/* End PBXVariantGroup section */

/* Begin XCBuildConfiguration section */
		F0C819E12A19F53300942B9F /* Debug */ = {
			isa = XCBuildConfiguration;
			buildSettings = {
				ALWAYS_SEARCH_USER_PATHS = NO;
				CLANG_ANALYZER_NONNULL = YES;
				CLANG_ANALYZER_NUMBER_OBJECT_CONVERSION = YES_AGGRESSIVE;
				CLANG_CXX_LANGUAGE_STANDARD = "gnu++20";
				CLANG_ENABLE_MODULES = YES;
				CLANG_ENABLE_OBJC_ARC = YES;
				CLANG_ENABLE_OBJC_WEAK = YES;
				CLANG_WARN_BLOCK_CAPTURE_AUTORELEASING = YES;
				CLANG_WARN_BOOL_CONVERSION = YES;
				CLANG_WARN_COMMA = YES;
				CLANG_WARN_CONSTANT_CONVERSION = YES;
				CLANG_WARN_DEPRECATED_OBJC_IMPLEMENTATIONS = YES;
				CLANG_WARN_DIRECT_OBJC_ISA_USAGE = YES_ERROR;
				CLANG_WARN_DOCUMENTATION_COMMENTS = YES;
				CLANG_WARN_EMPTY_BODY = YES;
				CLANG_WARN_ENUM_CONVERSION = YES;
				CLANG_WARN_INFINITE_RECURSION = YES;
				CLANG_WARN_INT_CONVERSION = YES;
				CLANG_WARN_NON_LITERAL_NULL_CONVERSION = YES;
				CLANG_WARN_OBJC_IMPLICIT_RETAIN_SELF = YES;
				CLANG_WARN_OBJC_LITERAL_CONVERSION = YES;
				CLANG_WARN_OBJC_ROOT_CLASS = YES_ERROR;
				CLANG_WARN_QUOTED_INCLUDE_IN_FRAMEWORK_HEADER = YES;
				CLANG_WARN_RANGE_LOOP_ANALYSIS = YES;
				CLANG_WARN_STRICT_PROTOTYPES = YES;
				CLANG_WARN_SUSPICIOUS_MOVE = YES;
				CLANG_WARN_UNGUARDED_AVAILABILITY = YES_AGGRESSIVE;
				CLANG_WARN_UNREACHABLE_CODE = YES;
				CLANG_WARN__DUPLICATE_METHOD_MATCH = YES;
				COPY_PHASE_STRIP = NO;
				DEBUG_INFORMATION_FORMAT = dwarf;
				ENABLE_STRICT_OBJC_MSGSEND = YES;
				ENABLE_TESTABILITY = YES;
				GCC_C_LANGUAGE_STANDARD = gnu11;
				GCC_DYNAMIC_NO_PIC = NO;
				GCC_NO_COMMON_BLOCKS = YES;
				GCC_OPTIMIZATION_LEVEL = 0;
				GCC_PREPROCESSOR_DEFINITIONS = (
					"DEBUG=1",
					"$(inherited)",
				);
				GCC_WARN_64_TO_32_BIT_CONVERSION = YES;
				GCC_WARN_ABOUT_RETURN_TYPE = YES_ERROR;
				GCC_WARN_UNDECLARED_SELECTOR = YES;
				GCC_WARN_UNINITIALIZED_AUTOS = YES_AGGRESSIVE;
				GCC_WARN_UNUSED_FUNCTION = YES;
				GCC_WARN_UNUSED_VARIABLE = YES;
				IPHONEOS_DEPLOYMENT_TARGET = 16.1;
				MTL_ENABLE_DEBUG_INFO = INCLUDE_SOURCE;
				MTL_FAST_MATH = YES;
				ONLY_ACTIVE_ARCH = YES;
				SDKROOT = iphoneos;
				SWIFT_ACTIVE_COMPILATION_CONDITIONS = DEBUG;
				SWIFT_OPTIMIZATION_LEVEL = "-Onone";
			};
			name = Debug;
		};
		F0C819E22A19F53300942B9F /* Release */ = {
			isa = XCBuildConfiguration;
			buildSettings = {
				ALWAYS_SEARCH_USER_PATHS = NO;
				CLANG_ANALYZER_NONNULL = YES;
				CLANG_ANALYZER_NUMBER_OBJECT_CONVERSION = YES_AGGRESSIVE;
				CLANG_CXX_LANGUAGE_STANDARD = "gnu++20";
				CLANG_ENABLE_MODULES = YES;
				CLANG_ENABLE_OBJC_ARC = YES;
				CLANG_ENABLE_OBJC_WEAK = YES;
				CLANG_WARN_BLOCK_CAPTURE_AUTORELEASING = YES;
				CLANG_WARN_BOOL_CONVERSION = YES;
				CLANG_WARN_COMMA = YES;
				CLANG_WARN_CONSTANT_CONVERSION = YES;
				CLANG_WARN_DEPRECATED_OBJC_IMPLEMENTATIONS = YES;
				CLANG_WARN_DIRECT_OBJC_ISA_USAGE = YES_ERROR;
				CLANG_WARN_DOCUMENTATION_COMMENTS = YES;
				CLANG_WARN_EMPTY_BODY = YES;
				CLANG_WARN_ENUM_CONVERSION = YES;
				CLANG_WARN_INFINITE_RECURSION = YES;
				CLANG_WARN_INT_CONVERSION = YES;
				CLANG_WARN_NON_LITERAL_NULL_CONVERSION = YES;
				CLANG_WARN_OBJC_IMPLICIT_RETAIN_SELF = YES;
				CLANG_WARN_OBJC_LITERAL_CONVERSION = YES;
				CLANG_WARN_OBJC_ROOT_CLASS = YES_ERROR;
				CLANG_WARN_QUOTED_INCLUDE_IN_FRAMEWORK_HEADER = YES;
				CLANG_WARN_RANGE_LOOP_ANALYSIS = YES;
				CLANG_WARN_STRICT_PROTOTYPES = YES;
				CLANG_WARN_SUSPICIOUS_MOVE = YES;
				CLANG_WARN_UNGUARDED_AVAILABILITY = YES_AGGRESSIVE;
				CLANG_WARN_UNREACHABLE_CODE = YES;
				CLANG_WARN__DUPLICATE_METHOD_MATCH = YES;
				COPY_PHASE_STRIP = NO;
				DEBUG_INFORMATION_FORMAT = "dwarf-with-dsym";
				ENABLE_NS_ASSERTIONS = NO;
				ENABLE_STRICT_OBJC_MSGSEND = YES;
				GCC_C_LANGUAGE_STANDARD = gnu11;
				GCC_NO_COMMON_BLOCKS = YES;
				GCC_WARN_64_TO_32_BIT_CONVERSION = YES;
				GCC_WARN_ABOUT_RETURN_TYPE = YES_ERROR;
				GCC_WARN_UNDECLARED_SELECTOR = YES;
				GCC_WARN_UNINITIALIZED_AUTOS = YES_AGGRESSIVE;
				GCC_WARN_UNUSED_FUNCTION = YES;
				GCC_WARN_UNUSED_VARIABLE = YES;
				IPHONEOS_DEPLOYMENT_TARGET = 16.1;
				MTL_ENABLE_DEBUG_INFO = NO;
				MTL_FAST_MATH = YES;
				SDKROOT = iphoneos;
				SWIFT_COMPILATION_MODE = wholemodule;
				SWIFT_OPTIMIZATION_LEVEL = "-O";
				VALIDATE_PRODUCT = YES;
			};
			name = Release;
		};
		F0C819E42A19F53300942B9F /* Debug */ = {
			isa = XCBuildConfiguration;
			buildSettings = {
				ASSETCATALOG_COMPILER_APPICON_NAME = AppIcon;
				ASSETCATALOG_COMPILER_GLOBAL_ACCENT_COLOR_NAME = AccentColor;
				CODE_SIGN_STYLE = Automatic;
				CURRENT_PROJECT_VERSION = 2;
				DEVELOPMENT_TEAM = 3827K2JQS9;
				GENERATE_INFOPLIST_FILE = YES;
				INFOPLIST_FILE = 7DaysCallenge/resource/Info.plist;
				INFOPLIST_KEY_CFBundleDisplayName = "週チャレ";
				INFOPLIST_KEY_LSApplicationCategoryType = "public.app-category.lifestyle";
				INFOPLIST_KEY_NSPhotoLibraryUsageDescription = "アプリ内で表示する画像をフォトライブラリから呼び出します";
				INFOPLIST_KEY_UIApplicationSupportsIndirectInputEvents = YES;
				INFOPLIST_KEY_UILaunchStoryboardName = LaunchScreen;
				INFOPLIST_KEY_UIMainStoryboardFile = Main;
				INFOPLIST_KEY_UIStatusBarStyle = "";
				INFOPLIST_KEY_UISupportedInterfaceOrientations = UIInterfaceOrientationPortrait;
				INFOPLIST_KEY_UIUserInterfaceStyle = Light;
				IPHONEOS_DEPLOYMENT_TARGET = 14.0;
				LD_RUNPATH_SEARCH_PATHS = (
					"$(inherited)",
					"@executable_path/Frameworks",
				);
				MARKETING_VERSION = 1.1.0;
				"OTHER_LDFLAGS[arch=*]" = "-ObjC";
				PRODUCT_BUNDLE_IDENTIFIER = "app.sugii.pac.-DaysCallenge";
				PRODUCT_NAME = "$(TARGET_NAME)";
				SUPPORTED_PLATFORMS = "iphoneos iphonesimulator";
				SUPPORTS_MACCATALYST = NO;
				SUPPORTS_MAC_DESIGNED_FOR_IPHONE_IPAD = NO;
				SWIFT_EMIT_LOC_STRINGS = YES;
				SWIFT_VERSION = 5.0;
				TARGETED_DEVICE_FAMILY = 1;
			};
			name = Debug;
		};
		F0C819E52A19F53300942B9F /* Release */ = {
			isa = XCBuildConfiguration;
			buildSettings = {
				ASSETCATALOG_COMPILER_APPICON_NAME = AppIcon;
				ASSETCATALOG_COMPILER_GLOBAL_ACCENT_COLOR_NAME = AccentColor;
				CODE_SIGN_ENTITLEMENTS = 7DaysCallenge/7DaysCallengeRelease.entitlements;
				CODE_SIGN_STYLE = Automatic;
				CURRENT_PROJECT_VERSION = 2;
				DEVELOPMENT_TEAM = 3827K2JQS9;
				GENERATE_INFOPLIST_FILE = YES;
				INFOPLIST_FILE = 7DaysCallenge/resource/Info.plist;
				INFOPLIST_KEY_CFBundleDisplayName = "週チャレ";
				INFOPLIST_KEY_LSApplicationCategoryType = "public.app-category.lifestyle";
				INFOPLIST_KEY_NSPhotoLibraryUsageDescription = "アプリ内で表示する画像をフォトライブラリから呼び出します";
				INFOPLIST_KEY_UIApplicationSupportsIndirectInputEvents = YES;
				INFOPLIST_KEY_UILaunchStoryboardName = LaunchScreen;
				INFOPLIST_KEY_UIMainStoryboardFile = Main;
				INFOPLIST_KEY_UIStatusBarStyle = "";
				INFOPLIST_KEY_UISupportedInterfaceOrientations = UIInterfaceOrientationPortrait;
				INFOPLIST_KEY_UIUserInterfaceStyle = Light;
				IPHONEOS_DEPLOYMENT_TARGET = 14.0;
				LD_RUNPATH_SEARCH_PATHS = (
					"$(inherited)",
					"@executable_path/Frameworks",
				);
				MARKETING_VERSION = 1.1.0;
				"OTHER_LDFLAGS[arch=*]" = "-ObjC";
				PRODUCT_BUNDLE_IDENTIFIER = "app.sugii.pac.-DaysCallenge";
				PRODUCT_NAME = "$(TARGET_NAME)";
				SUPPORTED_PLATFORMS = "iphoneos iphonesimulator";
				SUPPORTS_MACCATALYST = NO;
				SUPPORTS_MAC_DESIGNED_FOR_IPHONE_IPAD = NO;
				SWIFT_EMIT_LOC_STRINGS = YES;
				SWIFT_VERSION = 5.0;
				TARGETED_DEVICE_FAMILY = 1;
			};
			name = Release;
		};
/* End XCBuildConfiguration section */

/* Begin XCConfigurationList section */
		F0C819CA2A19F53100942B9F /* Build configuration list for PBXProject "7DaysCallenge" */ = {
			isa = XCConfigurationList;
			buildConfigurations = (
				F0C819E12A19F53300942B9F /* Debug */,
				F0C819E22A19F53300942B9F /* Release */,
			);
			defaultConfigurationIsVisible = 0;
			defaultConfigurationName = Release;
		};
		F0C819E32A19F53300942B9F /* Build configuration list for PBXNativeTarget "7DaysCallenge" */ = {
			isa = XCConfigurationList;
			buildConfigurations = (
				F0C819E42A19F53300942B9F /* Debug */,
				F0C819E52A19F53300942B9F /* Release */,
			);
			defaultConfigurationIsVisible = 0;
			defaultConfigurationName = Release;
		};
/* End XCConfigurationList section */

/* Begin XCRemoteSwiftPackageReference section */
		F0C9EC772A3709EB007C8BB2 /* XCRemoteSwiftPackageReference "swift-package-manager-google-mobile-ads" */ = {
			isa = XCRemoteSwiftPackageReference;
			repositoryURL = "https://github.com/googleads/swift-package-manager-google-mobile-ads.git";
			requirement = {
				kind = upToNextMajorVersion;
				minimumVersion = 9.0.0;
			};
		};
		F0CE69F32A1DD51700D5A889 /* XCRemoteSwiftPackageReference "realm-swift" */ = {
			isa = XCRemoteSwiftPackageReference;
			repositoryURL = "https://github.com/realm/realm-swift";
			requirement = {
				branch = master;
				kind = branch;
			};
		};
/* End XCRemoteSwiftPackageReference section */

/* Begin XCSwiftPackageProductDependency section */
		F0C9EC782A3709EB007C8BB2 /* GoogleMobileAds */ = {
			isa = XCSwiftPackageProductDependency;
			package = F0C9EC772A3709EB007C8BB2 /* XCRemoteSwiftPackageReference "swift-package-manager-google-mobile-ads" */;
			productName = GoogleMobileAds;
		};
		F0CE69F42A1DD51700D5A889 /* Realm */ = {
			isa = XCSwiftPackageProductDependency;
			package = F0CE69F32A1DD51700D5A889 /* XCRemoteSwiftPackageReference "realm-swift" */;
			productName = Realm;
		};
		F0CE69F62A1DD51700D5A889 /* RealmSwift */ = {
			isa = XCSwiftPackageProductDependency;
			package = F0CE69F32A1DD51700D5A889 /* XCRemoteSwiftPackageReference "realm-swift" */;
			productName = RealmSwift;
		};
/* End XCSwiftPackageProductDependency section */
	};
	rootObject = F0C819C72A19F53100942B9F /* Project object */;
}
